{
  "version": "3",
  "packages": {
    "specifiers": {
      "npm:commander@11.1.0": "npm:commander@11.1.0"
    },
    "npm": {
      "commander@11.1.0": {
        "integrity": "sha512-yPVavfyCcRhmorC7rWlkHn15b4wDVgVmBA7kV4QVBsF7kv/9TKJAbAXVTxvTnwP8HHKjRCJDClKbciiYS7p0DQ==",
        "dependencies": {}
      }
    }
  },
  "remote": {}
}
